Microsoft Visual Studio Solution File, Format Version 12.00
# Visual Studio Version 17
VisualStudioVersion = 17.0.31512.422
MinimumVisualStudioVersion = 16.0.0.0
Project("{2150E333-8FDC-42A3-9474-1A3956D46DE8}") = "src", "src", "{6808E0F1-18F0-4B8B-9D39-4B48904C753A}"
EndProject
Project("{9A19103F-16F7-4668-BE54-9A1E7A4F7556}") = "Application", "src\Application\Application.csproj", "{09DA80B4-1B8F-4703-9C61-10566875BB53}"
EndProject
Project("{9A19103F-16F7-4668-BE54-9A1E7A4F7556}") = "Domain", "src\Domain\Domain.csproj", "{45BDF23E-3964-494E-B07D-6EC1E2C651AE}"
EndProject
Project("{9A19103F-16F7-4668-BE54-9A1E7A4F7556}") = "Infrastructure", "src\Infrastructure\Infrastructure.csproj", "{61D58FE4-71AE-4E4D-8AAC-059860CC3E49}"
EndProject
Project("{9A19103F-16F7-4668-BE54-9A1E7A4F7556}") = "Client", "src\Client\Client.csproj", "{836E6471-8E13-4E64-BCEF-2B8475BACDC2}"
EndProject
Project("{9A19103F-16F7-4668-BE54-9A1E7A4F7556}") = "Server", "src\Server\Server.csproj", "{3BE21411-6522-4E06-816F-4C799C129753}"
EndProject
Project("{9A19103F-16F7-4668-BE54-9A1E7A4F7556}") = "Shared", "src\Shared\Shared.csproj", "{6B1BCCAB-3193-4BDA-94BC-51C139229E31}"
EndProject
Project("{2150E333-8FDC-42A3-9474-1A3956D46DE8}") = "Web", "Web", "{05A89826-3195-4663-8068-6D5896C01ADD}"
EndProject
Global
	GlobalSection(SolutionConfigurationPlatforms) = preSolution
		Debug|Any CPU = Debug|Any CPU
		Debug|x64 = Debug|x64
		Debug|x86 = Debug|x86
		Release|Any CPU = Release|Any CPU
		Release|x64 = Release|x64
		Release|x86 = Release|x86
	EndGlobalSection
	GlobalSection(ProjectConfigurationPlatforms) = postSolution
		{09DA80B4-1B8F-4703-9C61-10566875BB53}.Debug|Any CPU.ActiveCfg = Debug|Any CPU
		{09DA80B4-1B8F-4703-9C61-10566875BB53}.Debug|Any CPU.Build.0 = Debug|Any CPU
		{09DA80B4-1B8F-4703-9C61-10566875BB53}.Debug|x64.ActiveCfg = Debug|Any CPU
		{09DA80B4-1B8F-4703-9C61-10566875BB53}.Debug|x64.Build.0 = Debug|Any CPU
		{09DA80B4-1B8F-4703-9C61-10566875BB53}.Debug|x86.ActiveCfg = Debug|Any CPU
		{09DA80B4-1B8F-4703-9C61-10566875BB53}.Debug|x86.Build.0 = Debug|Any CPU
		{09DA80B4-1B8F-4703-9C61-10566875BB53}.Release|Any CPU.ActiveCfg = Release|Any CPU
		{09DA80B4-1B8F-4703-9C61-10566875BB53}.Release|Any CPU.Build.0 = Release|Any CPU
		{09DA80B4-1B8F-4703-9C61-10566875BB53}.Release|x64.ActiveCfg = Release|Any CPU
		{09DA80B4-1B8F-4703-9C61-10566875BB53}.Release|x64.Build.0 = Release|Any CPU
		{09DA80B4-1B8F-4703-9C61-10566875BB53}.Release|x86.ActiveCfg = Release|Any CPU
		{09DA80B4-1B8F-4703-9C61-10566875BB53}.Release|x86.Build.0 = Release|Any CPU
		{45BDF23E-3964-494E-B07D-6EC1E2C651AE}.Debug|Any CPU.ActiveCfg = Debug|Any CPU
		{45BDF23E-3964-494E-B07D-6EC1E2C651AE}.Debug|Any CPU.Build.0 = Debug|Any CPU
		{45BDF23E-3964-494E-B07D-6EC1E2C651AE}.Debug|x64.ActiveCfg = Debug|Any CPU
		{45BDF23E-3964-494E-B07D-6EC1E2C651AE}.Debug|x64.Build.0 = Debug|Any CPU
		{45BDF23E-3964-494E-B07D-6EC1E2C651AE}.Debug|x86.ActiveCfg = Debug|Any CPU
		{45BDF23E-3964-494E-B07D-6EC1E2C651AE}.Debug|x86.Build.0 = Debug|Any CPU
		{45BDF23E-3964-494E-B07D-6EC1E2C651AE}.Release|Any CPU.ActiveCfg = Release|Any CPU
		{45BDF23E-3964-494E-B07D-6EC1E2C651AE}.Release|Any CPU.Build.0 = Release|Any CPU
		{45BDF23E-3964-494E-B07D-6EC1E2C651AE}.Release|x64.ActiveCfg = Release|Any CPU
		{45BDF23E-3964-494E-B07D-6EC1E2C651AE}.Release|x64.Build.0 = Release|Any CPU
		{45BDF23E-3964-494E-B07D-6EC1E2C651AE}.Release|x86.ActiveCfg = Release|Any CPU
		{45BDF23E-3964-494E-B07D-6EC1E2C651AE}.Release|x86.Build.0 = Release|Any CPU
		{61D58FE4-71AE-4E4D-8AAC-059860CC3E49}.Debug|Any CPU.ActiveCfg = Debug|Any CPU
		{61D58FE4-71AE-4E4D-8AAC-059860CC3E49}.Debug|Any CPU.Build.0 = Debug|Any CPU
		{61D58FE4-71AE-4E4D-8AAC-059860CC3E49}.Debug|x64.ActiveCfg = Debug|Any CPU
		{61D58FE4-71AE-4E4D-8AAC-059860CC3E49}.Debug|x64.Build.0 = Debug|Any CPU
		{61D58FE4-71AE-4E4D-8AAC-059860CC3E49}.Debug|x86.ActiveCfg = Debug|Any CPU
		{61D58FE4-71AE-4E4D-8AAC-059860CC3E49}.Debug|x86.Build.0 = Debug|Any CPU
		{61D58FE4-71AE-4E4D-8AAC-059860CC3E49}.Release|Any CPU.ActiveCfg = Release|Any CPU
		{61D58FE4-71AE-4E4D-8AAC-059860CC3E49}.Release|Any CPU.Build.0 = Release|Any CPU
		{61D58FE4-71AE-4E4D-8AAC-059860CC3E49}.Release|x64.ActiveCfg = Release|Any CPU
		{61D58FE4-71AE-4E4D-8AAC-059860CC3E49}.Release|x64.Build.0 = Release|Any CPU
		{61D58FE4-71AE-4E4D-8AAC-059860CC3E49}.Release|x86.ActiveCfg = Release|Any CPU
		{61D58FE4-71AE-4E4D-8AAC-059860CC3E49}.Release|x86.Build.0 = Release|Any CPU
		{836E6471-8E13-4E64-BCEF-2B8475BACDC2}.Debug|Any CPU.ActiveCfg = Debug|Any CPU
		{836E6471-8E13-4E64-BCEF-2B8475BACDC2}.Debug|Any CPU.Build.0 = Debug|Any CPU
		{836E6471-8E13-4E64-BCEF-2B8475BACDC2}.Debug|x64.ActiveCfg = Debug|Any CPU
		{836E6471-8E13-4E64-BCEF-2B8475BACDC2}.Debug|x64.Build.0 = Debug|Any CPU
		{836E6471-8E13-4E64-BCEF-2B8475BACDC2}.Debug|x86.ActiveCfg = Debug|Any CPU
		{836E6471-8E13-4E64-BCEF-2B8475BACDC2}.Debug|x86.Build.0 = Debug|Any CPU
		{836E6471-8E13-4E64-BCEF-2B8475BACDC2}.Release|Any CPU.ActiveCfg = Release|Any CPU
		{836E6471-8E13-4E64-BCEF-2B8475BACDC2}.Release|Any CPU.Build.0 = Release|Any CPU
		{836E6471-8E13-4E64-BCEF-2B8475BACDC2}.Release|x64.ActiveCfg = Release|Any CPU
		{836E6471-8E13-4E64-BCEF-2B8475BACDC2}.Release|x64.Build.0 = Release|Any CPU
		{836E6471-8E13-4E64-BCEF-2B8475BACDC2}.Release|x86.ActiveCfg = Release|Any CPU
		{836E6471-8E13-4E64-BCEF-2B8475BACDC2}.Release|x86.Build.0 = Release|Any CPU
		{3BE21411-6522-4E06-816F-4C799C129753}.Debug|Any CPU.ActiveCfg = Debug|Any CPU
		{3BE21411-6522-4E06-816F-4C799C129753}.Debug|Any CPU.Build.0 = Debug|Any CPU
		{3BE21411-6522-4E06-816F-4C799C129753}.Debug|x64.ActiveCfg = Debug|Any CPU
		{3BE21411-6522-4E06-816F-4C799C129753}.Debug|x64.Build.0 = Debug|Any CPU
		{3BE21411-6522-4E06-816F-4C799C129753}.Debug|x86.ActiveCfg = Debug|Any CPU
		{3BE21411-6522-4E06-816F-4C799C129753}.Debug|x86.Build.0 = Debug|Any CPU
		{3BE21411-6522-4E06-816F-4C799C129753}.Release|Any CPU.ActiveCfg = Release|Any CPU
		{3BE21411-6522-4E06-816F-4C799C129753}.Release|Any CPU.Build.0 = Release|Any CPU
		{3BE21411-6522-4E06-816F-4C799C129753}.Release|x64.ActiveCfg = Release|Any CPU
		{3BE21411-6522-4E06-816F-4C799C129753}.Release|x64.Build.0 = Release|Any CPU
		{3BE21411-6522-4E06-816F-4C799C129753}.Release|x86.ActiveCfg = Release|Any CPU
		{3BE21411-6522-4E06-816F-4C799C129753}.Release|x86.Build.0 = Release|Any CPU
		{6B1BCCAB-3193-4BDA-94BC-51C139229E31}.Debug|Any CPU.ActiveCfg = Debug|Any CPU
		{6B1BCCAB-3193-4BDA-94BC-51C139229E31}.Debug|Any CPU.Build.0 = Debug|Any CPU
		{6B1BCCAB-3193-4BDA-94BC-51C139229E31}.Debug|x64.ActiveCfg = Debug|Any CPU
		{6B1BCCAB-3193-4BDA-94BC-51C139229E31}.Debug|x64.Build.0 = Debug|Any CPU
		{6B1BCCAB-3193-4BDA-94BC-51C139229E31}.Debug|x86.ActiveCfg = Debug|Any CPU
		{6B1BCCAB-3193-4BDA-94BC-51C139229E31}.Debug|x86.Build.0 = Debug|Any CPU
		{6B1BCCAB-3193-4BDA-94BC-51C139229E31}.Release|Any CPU.ActiveCfg = Release|Any CPU
		{6B1BCCAB-3193-4BDA-94BC-51C139229E31}.Release|Any CPU.Build.0 = Release|Any CPU
		{6B1BCCAB-3193-4BDA-94BC-51C139229E31}.Release|x64.ActiveCfg = Release|Any CPU
		{6B1BCCAB-3193-4BDA-94BC-51C139229E31}.Release|x64.Build.0 = Release|Any CPU
		{6B1BCCAB-3193-4BDA-94BC-51C139229E31}.Release|x86.ActiveCfg = Release|Any CPU
		{6B1BCCAB-3193-4BDA-94BC-51C139229E31}.Release|x86.Build.0 = Release|Any CPU
	EndGlobalSection
	GlobalSection(SolutionProperties) = preSolution
		HideSolutionNode = FALSE
	EndGlobalSection
	GlobalSection(NestedProjects) = preSolution
		{09DA80B4-1B8F-4703-9C61-10566875BB53} = {6808E0F1-18F0-4B8B-9D39-4B48904C753A}
		{45BDF23E-3964-494E-B07D-6EC1E2C651AE} = {6808E0F1-18F0-4B8B-9D39-4B48904C753A}
		{61D58FE4-71AE-4E4D-8AAC-059860CC3E49} = {6808E0F1-18F0-4B8B-9D39-4B48904C753A}
		{836E6471-8E13-4E64-BCEF-2B8475BACDC2} = {05A89826-3195-4663-8068-6D5896C01ADD}
		{3BE21411-6522-4E06-816F-4C799C129753} = {05A89826-3195-4663-8068-6D5896C01ADD}
		{6B1BCCAB-3193-4BDA-94BC-51C139229E31} = {6808E0F1-18F0-4B8B-9D39-4B48904C753A}
		{05A89826-3195-4663-8068-6D5896C01ADD} = {6808E0F1-18F0-4B8B-9D39-4B48904C753A}
	EndGlobalSection
	GlobalSection(ExtensibilityGlobals) = postSolution
		SolutionGuid = {D3398AD7-9EBE-45C1-A4B4-F23A243E95E3}
	EndGlobalSection
EndGlobal
